
Microsoft Visual Studio Solution File, Format Version 12.00
# Visual Studio Version 17
VisualStudioVersion = 17.6.33723.286
MinimumVisualStudioVersion = 10.0.40219.1
Project("{FAE04EC0-301F-11D3-BF4B-00C04F79EFBC}") = "My_Books", "My_Books.csproj", "{D26FF58D-F9BC-400E-8E53-DDC16CC4B2A8}"
EndProject
Global
	GlobalSection(SolutionConfigurationPlatforms) = preSolution
		Debug|Any CPU = Debug|Any CPU
		Release|Any CPU = Release|Any CPU
	EndGlobalSection
	GlobalSection(ProjectConfigurationPlatforms) = postSolution
		{D26FF58D-F9BC-400E-8E53-DDC16CC4B2A8}.Debug|Any CPU.ActiveCfg = Debug|Any CPU
		{D26FF58D-F9BC-400E-8E53-DDC16CC4B2A8}.Debug|Any CPU.Build.0 = Debug|Any CPU
		{D26FF58D-F9BC-400E-8E53-DDC16CC4B2A8}.Release|Any CPU.ActiveCfg = Release|Any CPU
		{D26FF58D-F9BC-400E-8E53-DDC16CC4B2A8}.Release|Any CPU.Build.0 = Release|Any CPU
	EndGlobalSection
	GlobalSection(SolutionProperties) = preSolution
		HideSolutionNode = FALSE
	EndGlobalSection
	GlobalSection(ExtensibilityGlobals) = postSolution
		SolutionGuid = {1F3C7027-D673-4DA1-80C3-FC5649F8F989}
	EndGlobalSection
EndGlobal
